
Microsoft Visual Studio Solution File, Format Version 12.00
# Visual Studio Version 17
VisualStudioVersion = 17.10.35013.160
MinimumVisualStudioVersion = 10.0.40219.1
Project("{FAE04EC0-301F-11D3-BF4B-00C04F79EFBC}") = "Spaceship", "Spaceship.csproj", "{B84D27F3-7ADF-404A-888E-2CBD069C4780}"
EndProject
Global
	GlobalSection(SolutionConfigurationPlatforms) = preSolution
		Debug|Any CPU = Debug|Any CPU
		Release|Any CPU = Release|Any CPU
	EndGlobalSection
	GlobalSection(ProjectConfigurationPlatforms) = postSolution
		{B84D27F3-7ADF-404A-888E-2CBD069C4780}.Debug|Any CPU.ActiveCfg = Debug|Any CPU
		{B84D27F3-7ADF-404A-888E-2CBD069C4780}.Debug|Any CPU.Build.0 = Debug|Any CPU
		{B84D27F3-7ADF-404A-888E-2CBD069C4780}.Release|Any CPU.ActiveCfg = Release|Any CPU
		{B84D27F3-7ADF-404A-888E-2CBD069C4780}.Release|Any CPU.Build.0 = Release|Any CPU
	EndGlobalSection
	GlobalSection(SolutionProperties) = preSolution
		HideSolutionNode = FALSE
	EndGlobalSection
	GlobalSection(ExtensibilityGlobals) = postSolution
		SolutionGuid = {63E21489-F4C3-4430-80CC-187BF42EB84A}
	EndGlobalSection
EndGlobal
