
Microsoft Visual Studio Solution File, Format Version 12.00
# Visual Studio Version 17
VisualStudioVersion = 17.0.31903.59
MinimumVisualStudioVersion = 10.0.40219.1
Project("{2150E333-8FDC-42A3-9474-1A3956D46DE8}") = "src", "src", "{54D9AE29-DCDD-4A5E-BF70-CEB15CD472E7}"
EndProject
Project("{FAE04EC0-301F-11D3-BF4B-00C04F79EFBC}") = "SpaceShip.WebAPI", "src\SpaceShip.WebAPI\WebAPI.csproj", "{22B4E504-2A43-4141-B721-78B2C70F2CE8}"
EndProject
Project("{2150E333-8FDC-42A3-9474-1A3956D46DE8}") = "mock", "mock", "{9D32744A-73B1-4D9A-99D8-04FFF9F56129}"
EndProject
Project("{FAE04EC0-301F-11D3-BF4B-00C04F79EFBC}") = "MockSpaceShip.Service", "mock\MockSpaceShip.Service\MockSpaceShip.Service.csproj", "{B42CB13A-4C68-417B-930E-BFE1B2ED432A}"
EndProject
Project("{FAE04EC0-301F-11D3-BF4B-00C04F79EFBC}") = "SpaceShip.Service.EventsProvider", "src\SpaceShip.Service.EventsProvider\SpaceShip.Service.EventsProvider.csproj", "{ACF54AA2-74AD-4010-A8A1-D21512F47A93}"
EndProject
Project("{FAE04EC0-301F-11D3-BF4B-00C04F79EFBC}") = "SpaceShip.Service", "src\SpaceShip.Service\SpaceShip.Service.csproj", "{DB649135-A9FF-499F-AF5C-00B791CE40B5}"
EndProject
Global
	GlobalSection(SolutionConfigurationPlatforms) = preSolution
		Debug|Any CPU = Debug|Any CPU
		Release|Any CPU = Release|Any CPU
	EndGlobalSection
	GlobalSection(ProjectConfigurationPlatforms) = postSolution
		{22B4E504-2A43-4141-B721-78B2C70F2CE8}.Debug|Any CPU.ActiveCfg = Debug|Any CPU
		{22B4E504-2A43-4141-B721-78B2C70F2CE8}.Debug|Any CPU.Build.0 = Debug|Any CPU
		{22B4E504-2A43-4141-B721-78B2C70F2CE8}.Release|Any CPU.ActiveCfg = Release|Any CPU
		{22B4E504-2A43-4141-B721-78B2C70F2CE8}.Release|Any CPU.Build.0 = Release|Any CPU
		{B42CB13A-4C68-417B-930E-BFE1B2ED432A}.Debug|Any CPU.ActiveCfg = Debug|Any CPU
		{B42CB13A-4C68-417B-930E-BFE1B2ED432A}.Debug|Any CPU.Build.0 = Debug|Any CPU
		{B42CB13A-4C68-417B-930E-BFE1B2ED432A}.Release|Any CPU.ActiveCfg = Release|Any CPU
		{B42CB13A-4C68-417B-930E-BFE1B2ED432A}.Release|Any CPU.Build.0 = Release|Any CPU
		{ACF54AA2-74AD-4010-A8A1-D21512F47A93}.Debug|Any CPU.ActiveCfg = Debug|Any CPU
		{ACF54AA2-74AD-4010-A8A1-D21512F47A93}.Debug|Any CPU.Build.0 = Debug|Any CPU
		{ACF54AA2-74AD-4010-A8A1-D21512F47A93}.Release|Any CPU.ActiveCfg = Release|Any CPU
		{ACF54AA2-74AD-4010-A8A1-D21512F47A93}.Release|Any CPU.Build.0 = Release|Any CPU
		{DB649135-A9FF-499F-AF5C-00B791CE40B5}.Debug|Any CPU.ActiveCfg = Debug|Any CPU
		{DB649135-A9FF-499F-AF5C-00B791CE40B5}.Debug|Any CPU.Build.0 = Debug|Any CPU
		{DB649135-A9FF-499F-AF5C-00B791CE40B5}.Release|Any CPU.ActiveCfg = Release|Any CPU
		{DB649135-A9FF-499F-AF5C-00B791CE40B5}.Release|Any CPU.Build.0 = Release|Any CPU
	EndGlobalSection
	GlobalSection(SolutionProperties) = preSolution
		HideSolutionNode = FALSE
	EndGlobalSection
	GlobalSection(NestedProjects) = preSolution
		{22B4E504-2A43-4141-B721-78B2C70F2CE8} = {54D9AE29-DCDD-4A5E-BF70-CEB15CD472E7}
		{B42CB13A-4C68-417B-930E-BFE1B2ED432A} = {9D32744A-73B1-4D9A-99D8-04FFF9F56129}
		{ACF54AA2-74AD-4010-A8A1-D21512F47A93} = {54D9AE29-DCDD-4A5E-BF70-CEB15CD472E7}
		{DB649135-A9FF-499F-AF5C-00B791CE40B5} = {54D9AE29-DCDD-4A5E-BF70-CEB15CD472E7}
	EndGlobalSection
EndGlobal
