
Microsoft Visual Studio Solution File, Format Version 12.00
# Visual Studio Version 17
VisualStudioVersion = 17.10.35004.147
MinimumVisualStudioVersion = 10.0.40219.1
Project("{9A19103F-16F7-4668-BE54-9A1E7A4F7556}") = "GameController.Database", "GameController.Database\GameController.Database.csproj", "{B9A87555-A977-43FB-AF82-136FF66F1A2D}"
EndProject
Project("{9A19103F-16F7-4668-BE54-9A1E7A4F7556}") = "GameController.Services", "GameController.Services\GameController.Services.csproj", "{B55733D2-3BE0-4161-9077-7CB36CCF7A52}"
	ProjectSection(ProjectDependencies) = postProject
		{B9A87555-A977-43FB-AF82-136FF66F1A2D} = {B9A87555-A977-43FB-AF82-136FF66F1A2D}
	EndProjectSection
EndProject
Project("{9A19103F-16F7-4668-BE54-9A1E7A4F7556}") = "GameController.API", "GameController.API\GameController.API.csproj", "{BAB241D2-B8B5-4471-A7C6-DDEBC83F41EB}"
EndProject
Project("{FAE04EC0-301F-11D3-BF4B-00C04F79EFBC}") = "GameContoller.Services.Tests", "GameContoller.Services.Tests\GameContoller.Services.Tests.csproj", "{10456214-85FB-49D9-8368-1E296AB28B61}"
EndProject
Global
	GlobalSection(SolutionConfigurationPlatforms) = preSolution
		Debug|Any CPU = Debug|Any CPU
		Release|Any CPU = Release|Any CPU
	EndGlobalSection
	GlobalSection(ProjectConfigurationPlatforms) = postSolution
		{B9A87555-A977-43FB-AF82-136FF66F1A2D}.Debug|Any CPU.ActiveCfg = Debug|Any CPU
		{B9A87555-A977-43FB-AF82-136FF66F1A2D}.Debug|Any CPU.Build.0 = Debug|Any CPU
		{B9A87555-A977-43FB-AF82-136FF66F1A2D}.Release|Any CPU.ActiveCfg = Release|Any CPU
		{B9A87555-A977-43FB-AF82-136FF66F1A2D}.Release|Any CPU.Build.0 = Release|Any CPU
		{B55733D2-3BE0-4161-9077-7CB36CCF7A52}.Debug|Any CPU.ActiveCfg = Debug|Any CPU
		{B55733D2-3BE0-4161-9077-7CB36CCF7A52}.Debug|Any CPU.Build.0 = Debug|Any CPU
		{B55733D2-3BE0-4161-9077-7CB36CCF7A52}.Release|Any CPU.ActiveCfg = Release|Any CPU
		{B55733D2-3BE0-4161-9077-7CB36CCF7A52}.Release|Any CPU.Build.0 = Release|Any CPU
		{BAB241D2-B8B5-4471-A7C6-DDEBC83F41EB}.Debug|Any CPU.ActiveCfg = Debug|Any CPU
		{BAB241D2-B8B5-4471-A7C6-DDEBC83F41EB}.Debug|Any CPU.Build.0 = Debug|Any CPU
		{BAB241D2-B8B5-4471-A7C6-DDEBC83F41EB}.Release|Any CPU.ActiveCfg = Release|Any CPU
		{BAB241D2-B8B5-4471-A7C6-DDEBC83F41EB}.Release|Any CPU.Build.0 = Release|Any CPU
		{10456214-85FB-49D9-8368-1E296AB28B61}.Debug|Any CPU.ActiveCfg = Debug|Any CPU
		{10456214-85FB-49D9-8368-1E296AB28B61}.Debug|Any CPU.Build.0 = Debug|Any CPU
		{10456214-85FB-49D9-8368-1E296AB28B61}.Release|Any CPU.ActiveCfg = Release|Any CPU
		{10456214-85FB-49D9-8368-1E296AB28B61}.Release|Any CPU.Build.0 = Release|Any CPU
	EndGlobalSection
	GlobalSection(SolutionProperties) = preSolution
		HideSolutionNode = FALSE
	EndGlobalSection
	GlobalSection(ExtensibilityGlobals) = postSolution
		SolutionGuid = {98C3DA3C-7EAE-43EB-8356-146432356374}
	EndGlobalSection
EndGlobal
